
Microsoft Visual Studio Solution File, Format Version 12.00
# Visual Studio 15
VisualStudioVersion = 15.0.27130.2036
MinimumVisualStudioVersion = 10.0.40219.1
Project("{FAE04EC0-301F-11D3-BF4B-00C04F79EFBC}") = "SocketClientConsole", "SocketClientConsole\SocketClientConsole.csproj", "{CD81E1DD-09DF-46A8-9161-99BF0761C3C6}"
EndProject
Project("{FAE04EC0-301F-11D3-BF4B-00C04F79EFBC}") = "SocketServerConsole", "SocketServerConsole\SocketServerConsole.csproj", "{38701AF0-76DD-4DE6-994D-B3FEC5B41128}"
EndProject
Project("{FAE04EC0-301F-11D3-BF4B-00C04F79EFBC}") = "SocketData", "SocketData\SocketData.csproj", "{8AABB972-7681-4841-A509-121C7EDAFEFE}"
EndProject
Global
	GlobalSection(SolutionConfigurationPlatforms) = preSolution
		Debug|Any CPU = Debug|Any CPU
		Release|Any CPU = Release|Any CPU
	EndGlobalSection
	GlobalSection(ProjectConfigurationPlatforms) = postSolution
		{CD81E1DD-09DF-46A8-9161-99BF0761C3C6}.Debug|Any CPU.ActiveCfg = Debug|Any CPU
		{CD81E1DD-09DF-46A8-9161-99BF0761C3C6}.Debug|Any CPU.Build.0 = Debug|Any CPU
		{CD81E1DD-09DF-46A8-9161-99BF0761C3C6}.Release|Any CPU.ActiveCfg = Release|Any CPU
		{CD81E1DD-09DF-46A8-9161-99BF0761C3C6}.Release|Any CPU.Build.0 = Release|Any CPU
		{38701AF0-76DD-4DE6-994D-B3FEC5B41128}.Debug|Any CPU.ActiveCfg = Debug|Any CPU
		{38701AF0-76DD-4DE6-994D-B3FEC5B41128}.Debug|Any CPU.Build.0 = Debug|Any CPU
		{38701AF0-76DD-4DE6-994D-B3FEC5B41128}.Release|Any CPU.ActiveCfg = Release|Any CPU
		{38701AF0-76DD-4DE6-994D-B3FEC5B41128}.Release|Any CPU.Build.0 = Release|Any CPU
		{8AABB972-7681-4841-A509-121C7EDAFEFE}.Debug|Any CPU.ActiveCfg = Debug|Any CPU
		{8AABB972-7681-4841-A509-121C7EDAFEFE}.Debug|Any CPU.Build.0 = Debug|Any CPU
		{8AABB972-7681-4841-A509-121C7EDAFEFE}.Release|Any CPU.ActiveCfg = Release|Any CPU
		{8AABB972-7681-4841-A509-121C7EDAFEFE}.Release|Any CPU.Build.0 = Release|Any CPU
	EndGlobalSection
	GlobalSection(SolutionProperties) = preSolution
		HideSolutionNode = FALSE
	EndGlobalSection
	GlobalSection(ExtensibilityGlobals) = postSolution
		SolutionGuid = {9BE12F29-8FAE-499E-9714-65F616B515F4}
	EndGlobalSection
EndGlobal
